
Microsoft Visual Studio Solution File, Format Version 12.00
# Visual Studio Version 17
VisualStudioVersion = 17.0.32014.148
MinimumVisualStudioVersion = 10.0.40219.1
Project("{FAE04EC0-301F-11D3-BF4B-00C04F79EFBC}") = "AnyShapeWithInterFace", "AnyShapeWithInterFace\AnyShapeWithInterFace.csproj", "{49AB851C-83E2-4076-827C-087AEE2244BF}"
EndProject
Global
	GlobalSection(SolutionConfigurationPlatforms) = preSolution
		Debug|Any CPU = Debug|Any CPU
		Release|Any CPU = Release|Any CPU
	EndGlobalSection
	GlobalSection(ProjectConfigurationPlatforms) = postSolution
		{49AB851C-83E2-4076-827C-087AEE2244BF}.Debug|Any CPU.ActiveCfg = Debug|Any CPU
		{49AB851C-83E2-4076-827C-087AEE2244BF}.Debug|Any CPU.Build.0 = Debug|Any CPU
		{49AB851C-83E2-4076-827C-087AEE2244BF}.Release|Any CPU.ActiveCfg = Release|Any CPU
		{49AB851C-83E2-4076-827C-087AEE2244BF}.Release|Any CPU.Build.0 = Release|Any CPU
	EndGlobalSection
	GlobalSection(SolutionProperties) = preSolution
		HideSolutionNode = FALSE
	EndGlobalSection
	GlobalSection(ExtensibilityGlobals) = postSolution
		SolutionGuid = {91EDFCEA-5E99-4562-BDFA-F602EB47B911}
	EndGlobalSection
EndGlobal
